
Microsoft Visual Studio Solution File, Format Version 12.00
# Visual Studio Version 16
VisualStudioVersion = 16.0.30611.23
MinimumVisualStudioVersion = 10.0.40219.1
Project("{8BC9CEB8-8B4A-11D0-8D11-00A0C91BC942}") = "Muzeum", "Muzeum.vcxproj", "{E08564EE-AD6F-44E1-8B02-967A89C6A914}"
EndProject
Global
	GlobalSection(SolutionConfigurationPlatforms) = preSolution
		Debug|x64 = Debug|x64
		Debug|x86 = Debug|x86
		Release|x64 = Release|x64
		Release|x86 = Release|x86
	EndGlobalSection
	GlobalSection(ProjectConfigurationPlatforms) = postSolution
		{E08564EE-AD6F-44E1-8B02-967A89C6A914}.Debug|x64.ActiveCfg = Debug|x64
		{E08564EE-AD6F-44E1-8B02-967A89C6A914}.Debug|x64.Build.0 = Debug|x64
		{E08564EE-AD6F-44E1-8B02-967A89C6A914}.Debug|x86.ActiveCfg = Debug|Win32
		{E08564EE-AD6F-44E1-8B02-967A89C6A914}.Debug|x86.Build.0 = Debug|Win32
		{E08564EE-AD6F-44E1-8B02-967A89C6A914}.Release|x64.ActiveCfg = Release|x64
		{E08564EE-AD6F-44E1-8B02-967A89C6A914}.Release|x64.Build.0 = Release|x64
		{E08564EE-AD6F-44E1-8B02-967A89C6A914}.Release|x86.ActiveCfg = Release|Win32
		{E08564EE-AD6F-44E1-8B02-967A89C6A914}.Release|x86.Build.0 = Release|Win32
	EndGlobalSection
	GlobalSection(SolutionProperties) = preSolution
		HideSolutionNode = FALSE
	EndGlobalSection
	GlobalSection(ExtensibilityGlobals) = postSolution
		SolutionGuid = {83DFBA08-7F6F-4C72-93BA-A9F57D9A7A3D}
	EndGlobalSection
EndGlobal
